// !$*UTF8*$!
{
	archiveVersion = 1;
	classes = {
	};
	objectVersion = 55;
	objects = {

/* Begin PBXBuildFile section */
		034A8FBC28D2C43F009EFDE7 /* UITextField+Publisher.swift in Sources */ = {isa = PBXBuildFile; fileRef = 034A8FBB28D2C43F009EFDE7 /* UITextField+Publisher.swift */; };
		034A8FC228D2D23E009EFDE7 /* API.swift in Sources */ = {isa = PBXBuildFile; fileRef = 034A8FC128D2D23E009EFDE7 /* API.swift */; };
		034A8FF828D2FED8009EFDE7 /* BindableType.swift in Sources */ = {isa = PBXBuildFile; fileRef = 034A8FF728D2FED8009EFDE7 /* BindableType.swift */; };
		034A8FFA28D2FEE8009EFDE7 /* ViewModelType.swift in Sources */ = {isa = PBXBuildFile; fileRef = 034A8FF928D2FEE8009EFDE7 /* ViewModelType.swift */; };
		034A8FFC28D2FF00009EFDE7 /* Binder.swift in Sources */ = {isa = PBXBuildFile; fileRef = 034A8FFB28D2FF00009EFDE7 /* Binder.swift */; };
		034A8FFE28D2FF1E009EFDE7 /* Reusable.swift in Sources */ = {isa = PBXBuildFile; fileRef = 034A8FFD28D2FF1E009EFDE7 /* Reusable.swift */; };
		034A900028D2FF4D009EFDE7 /* URL+Components.swift in Sources */ = {isa = PBXBuildFile; fileRef = 034A8FFF28D2FF4D009EFDE7 /* URL+Components.swift */; };
		034A900228D2FF69009EFDE7 /* UIViewController+Debug.swift in Sources */ = {isa = PBXBuildFile; fileRef = 034A900128D2FF69009EFDE7 /* UIViewController+Debug.swift */; };
		034A900428D2FF80009EFDE7 /* Publisher+Extension.swift in Sources */ = {isa = PBXBuildFile; fileRef = 034A900328D2FF80009EFDE7 /* Publisher+Extension.swift */; };
		034A900628D2FF9C009EFDE7 /* Publisher+ErrorTracker.swift in Sources */ = {isa = PBXBuildFile; fileRef = 034A900528D2FF9C009EFDE7 /* Publisher+ErrorTracker.swift */; };
		034A900828D2FFB1009EFDE7 /* Publisher+ActivityTracker.swift in Sources */ = {isa = PBXBuildFile; fileRef = 034A900728D2FFB1009EFDE7 /* Publisher+ActivityTracker.swift */; };
		034A900A28D30045009EFDE7 /* APIError.swift in Sources */ = {isa = PBXBuildFile; fileRef = 034A900928D30045009EFDE7 /* APIError.swift */; };
		034A900C28D3006C009EFDE7 /* Endpoint.swift in Sources */ = {isa = PBXBuildFile; fileRef = 034A900B28D3006C009EFDE7 /* Endpoint.swift */; };
		034A900F28D300BD009EFDE7 /* NetworkResponse.swift in Sources */ = {isa = PBXBuildFile; fileRef = 034A900E28D300BD009EFDE7 /* NetworkResponse.swift */; };
		034A901328D30275009EFDE7 /* RepositoriesViewController.swift in Sources */ = {isa = PBXBuildFile; fileRef = 034A901228D30275009EFDE7 /* RepositoriesViewController.swift */; };
		034A901628D3028B009EFDE7 /* RepositoriesViewModel.swift in Sources */ = {isa = PBXBuildFile; fileRef = 034A901528D3028B009EFDE7 /* RepositoriesViewModel.swift */; };
		034A901928D3029B009EFDE7 /* RepositoriesUseCase.swift in Sources */ = {isa = PBXBuildFile; fileRef = 034A901828D3029B009EFDE7 /* RepositoriesUseCase.swift */; };
		034A901C28D302AF009EFDE7 /* RepositoriesRouter.swift in Sources */ = {isa = PBXBuildFile; fileRef = 034A901B28D302AF009EFDE7 /* RepositoriesRouter.swift */; };
		034A902028D302D5009EFDE7 /* Repo.swift in Sources */ = {isa = PBXBuildFile; fileRef = 034A901F28D302D5009EFDE7 /* Repo.swift */; };
		034A902328D3034F009EFDE7 /* RepoRepository.swift in Sources */ = {isa = PBXBuildFile; fileRef = 034A902228D3034F009EFDE7 /* RepoRepository.swift */; };
		034ABBD928D1E688007C1C67 /* AppDelegate.swift in Sources */ = {isa = PBXBuildFile; fileRef = 034ABBD828D1E688007C1C67 /* AppDelegate.swift */; };
		034ABBDB28D1E688007C1C67 /* SceneDelegate.swift in Sources */ = {isa = PBXBuildFile; fileRef = 034ABBDA28D1E688007C1C67 /* SceneDelegate.swift */; };
		034ABBDD28D1E688007C1C67 /* ViewController.swift in Sources */ = {isa = PBXBuildFile; fileRef = 034ABBDC28D1E688007C1C67 /* ViewController.swift */; };
		034ABBE028D1E688007C1C67 /* Main.storyboard in Resources */ = {isa = PBXBuildFile; fileRef = 034ABBDE28D1E688007C1C67 /* Main.storyboard */; };
		034ABBE228D1E68A007C1C67 /* Assets.xcassets in Resources */ = {isa = PBXBuildFile; fileRef = 034ABBE128D1E68A007C1C67 /* Assets.xcassets */; };
		034ABBE528D1E68A007C1C67 /* LaunchScreen.storyboard in Resources */ = {isa = PBXBuildFile; fileRef = 034ABBE328D1E68A007C1C67 /* LaunchScreen.storyboard */; };
		034ABBF028D1E68A007C1C67 /* CombineMVVMTests.swift in Sources */ = {isa = PBXBuildFile; fileRef = 034ABBEF28D1E68A007C1C67 /* CombineMVVMTests.swift */; };
		034ABBFA28D1E68A007C1C67 /* CombineMVVMUITests.swift in Sources */ = {isa = PBXBuildFile; fileRef = 034ABBF928D1E68A007C1C67 /* CombineMVVMUITests.swift */; };
		034ABBFC28D1E68A007C1C67 /* CombineMVVMUITestsLaunchTests.swift in Sources */ = {isa = PBXBuildFile; fileRef = 034ABBFB28D1E68A007C1C67 /* CombineMVVMUITestsLaunchTests.swift */; };
		037826D528D31E9E00A3BDAE /* RepoCell.xib in Resources */ = {isa = PBXBuildFile; fileRef = 037826D428D31E9E00A3BDAE /* RepoCell.xib */; };
		037826D728D31EA800A3BDAE /* RepoCell.swift in Sources */ = {isa = PBXBuildFile; fileRef = 037826D628D31EA800A3BDAE /* RepoCell.swift */; };
		037826DD28D3235600A3BDAE /* SDWebImage in Frameworks */ = {isa = PBXBuildFile; productRef = 037826DC28D3235600A3BDAE /* SDWebImage */; };
/* End PBXBuildFile section */

/* Begin PBXContainerItemProxy section */
		034ABBEC28D1E68A007C1C67 /* PBXContainerItemProxy */ = {
			isa = PBXContainerItemProxy;
			containerPortal = 034ABBCD28D1E688007C1C67 /* Project object */;
			proxyType = 1;
			remoteGlobalIDString = 034ABBD428D1E688007C1C67;
			remoteInfo = CombineMVVM;
		};
		034ABBF628D1E68A007C1C67 /* PBXContainerItemProxy */ = {
			isa = PBXContainerItemProxy;
			containerPortal = 034ABBCD28D1E688007C1C67 /* Project object */;
			proxyType = 1;
			remoteGlobalIDString = 034ABBD428D1E688007C1C67;
			remoteInfo = CombineMVVM;
		};
/* End PBXContainerItemProxy section */

/* Begin PBXFileReference section */
		034A8FB828D2BEE4009EFDE7 /* Combine.playground */ = {isa = PBXFileReference; lastKnownFileType = file.playground; path = Combine.playground; sourceTree = "<group>"; xcLanguageSpecificationIdentifier = xcode.lang.swift; };
		034A8FBB28D2C43F009EFDE7 /* UITextField+Publisher.swift */ = {isa = PBXFileReference; lastKnownFileType = sourcecode.swift; path = "UITextField+Publisher.swift"; sourceTree = "<group>"; };
		034A8FC128D2D23E009EFDE7 /* API.swift */ = {isa = PBXFileReference; lastKnownFileType = sourcecode.swift; path = API.swift; sourceTree = "<group>"; };
		034A8FF728D2FED8009EFDE7 /* BindableType.swift */ = {isa = PBXFileReference; lastKnownFileType = sourcecode.swift; path = BindableType.swift; sourceTree = "<group>"; };
		034A8FF928D2FEE8009EFDE7 /* ViewModelType.swift */ = {isa = PBXFileReference; lastKnownFileType = sourcecode.swift; path = ViewModelType.swift; sourceTree = "<group>"; };
		034A8FFB28D2FF00009EFDE7 /* Binder.swift */ = {isa = PBXFileReference; lastKnownFileType = sourcecode.swift; path = Binder.swift; sourceTree = "<group>"; };
		034A8FFD28D2FF1E009EFDE7 /* Reusable.swift */ = {isa = PBXFileReference; lastKnownFileType = sourcecode.swift; path = Reusable.swift; sourceTree = "<group>"; };
		034A8FFF28D2FF4D009EFDE7 /* URL+Components.swift */ = {isa = PBXFileReference; lastKnownFileType = sourcecode.swift; path = "URL+Components.swift"; sourceTree = "<group>"; };
		034A900128D2FF69009EFDE7 /* UIViewController+Debug.swift */ = {isa = PBXFileReference; lastKnownFileType = sourcecode.swift; path = "UIViewController+Debug.swift"; sourceTree = "<group>"; };
		034A900328D2FF80009EFDE7 /* Publisher+Extension.swift */ = {isa = PBXFileReference; lastKnownFileType = sourcecode.swift; path = "Publisher+Extension.swift"; sourceTree = "<group>"; };
		034A900528D2FF9C009EFDE7 /* Publisher+ErrorTracker.swift */ = {isa = PBXFileReference; lastKnownFileType = sourcecode.swift; path = "Publisher+ErrorTracker.swift"; sourceTree = "<group>"; };
		034A900728D2FFB1009EFDE7 /* Publisher+ActivityTracker.swift */ = {isa = PBXFileReference; lastKnownFileType = sourcecode.swift; path = "Publisher+ActivityTracker.swift"; sourceTree = "<group>"; };
		034A900928D30045009EFDE7 /* APIError.swift */ = {isa = PBXFileReference; lastKnownFileType = sourcecode.swift; path = APIError.swift; sourceTree = "<group>"; };
		034A900B28D3006C009EFDE7 /* Endpoint.swift */ = {isa = PBXFileReference; lastKnownFileType = sourcecode.swift; path = Endpoint.swift; sourceTree = "<group>"; };
		034A900E28D300BD009EFDE7 /* NetworkResponse.swift */ = {isa = PBXFileReference; lastKnownFileType = sourcecode.swift; path = NetworkResponse.swift; sourceTree = "<group>"; };
		034A901228D30275009EFDE7 /* RepositoriesViewController.swift */ = {isa = PBXFileReference; lastKnownFileType = sourcecode.swift; path = RepositoriesViewController.swift; sourceTree = "<group>"; };
		034A901528D3028B009EFDE7 /* RepositoriesViewModel.swift */ = {isa = PBXFileReference; lastKnownFileType = sourcecode.swift; path = RepositoriesViewModel.swift; sourceTree = "<group>"; };
		034A901828D3029B009EFDE7 /* RepositoriesUseCase.swift */ = {isa = PBXFileReference; lastKnownFileType = sourcecode.swift; path = RepositoriesUseCase.swift; sourceTree = "<group>"; };
		034A901B28D302AF009EFDE7 /* RepositoriesRouter.swift */ = {isa = PBXFileReference; lastKnownFileType = sourcecode.swift; path = RepositoriesRouter.swift; sourceTree = "<group>"; };
		034A901F28D302D5009EFDE7 /* Repo.swift */ = {isa = PBXFileReference; lastKnownFileType = sourcecode.swift; path = Repo.swift; sourceTree = "<group>"; };
		034A902228D3034F009EFDE7 /* RepoRepository.swift */ = {isa = PBXFileReference; lastKnownFileType = sourcecode.swift; path = RepoRepository.swift; sourceTree = "<group>"; };
		034ABBD528D1E688007C1C67 /* CombineMVVM.app */ = {isa = PBXFileReference; explicitFileType = wrapper.application; includeInIndex = 0; path = CombineMVVM.app; sourceTree = BUILT_PRODUCTS_DIR; };
		034ABBD828D1E688007C1C67 /* AppDelegate.swift */ = {isa = PBXFileReference; lastKnownFileType = sourcecode.swift; path = AppDelegate.swift; sourceTree = "<group>"; };
		034ABBDA28D1E688007C1C67 /* SceneDelegate.swift */ = {isa = PBXFileReference; lastKnownFileType = sourcecode.swift; path = SceneDelegate.swift; sourceTree = "<group>"; };
		034ABBDC28D1E688007C1C67 /* ViewController.swift */ = {isa = PBXFileReference; lastKnownFileType = sourcecode.swift; path = ViewController.swift; sourceTree = "<group>"; };
		034ABBDF28D1E688007C1C67 /* Base */ = {isa = PBXFileReference; lastKnownFileType = file.storyboard; name = Base; path = Base.lproj/Main.storyboard; sourceTree = "<group>"; };
		034ABBE128D1E68A007C1C67 /* Assets.xcassets */ = {isa = PBXFileReference; lastKnownFileType = folder.assetcatalog; path = Assets.xcassets; sourceTree = "<group>"; };
		034ABBE428D1E68A007C1C67 /* Base */ = {isa = PBXFileReference; lastKnownFileType = file.storyboard; name = Base; path = Base.lproj/LaunchScreen.storyboard; sourceTree = "<group>"; };
		034ABBE628D1E68A007C1C67 /* Info.plist */ = {isa = PBXFileReference; lastKnownFileType = text.plist.xml; path = Info.plist; sourceTree = "<group>"; };
		034ABBEB28D1E68A007C1C67 /* CombineMVVMTests.xctest */ = {isa = PBXFileReference; explicitFileType = wrapper.cfbundle; includeInIndex = 0; path = CombineMVVMTests.xctest; sourceTree = BUILT_PRODUCTS_DIR; };
		034ABBEF28D1E68A007C1C67 /* CombineMVVMTests.swift */ = {isa = PBXFileReference; lastKnownFileType = sourcecode.swift; path = CombineMVVMTests.swift; sourceTree = "<group>"; };
		034ABBF528D1E68A007C1C67 /* CombineMVVMUITests.xctest */ = {isa = PBXFileReference; explicitFileType = wrapper.cfbundle; includeInIndex = 0; path = CombineMVVMUITests.xctest; sourceTree = BUILT_PRODUCTS_DIR; };
		034ABBF928D1E68A007C1C67 /* CombineMVVMUITests.swift */ = {isa = PBXFileReference; lastKnownFileType = sourcecode.swift; path = CombineMVVMUITests.swift; sourceTree = "<group>"; };
		034ABBFB28D1E68A007C1C67 /* CombineMVVMUITestsLaunchTests.swift */ = {isa = PBXFileReference; lastKnownFileType = sourcecode.swift; path = CombineMVVMUITestsLaunchTests.swift; sourceTree = "<group>"; };
		037826D428D31E9E00A3BDAE /* RepoCell.xib */ = {isa = PBXFileReference; lastKnownFileType = file.xib; path = RepoCell.xib; sourceTree = "<group>"; };
		037826D628D31EA800A3BDAE /* RepoCell.swift */ = {isa = PBXFileReference; lastKnownFileType = sourcecode.swift; path = RepoCell.swift; sourceTree = "<group>"; };
/* End PBXFileReference section */

/* Begin PBXFrameworksBuildPhase section */
		034ABBD228D1E688007C1C67 /* Frameworks */ = {
			isa = PBXFrameworksBuildPhase;
			buildActionMask = 2147483647;
			files = (
				037826DD28D3235600A3BDAE /* SDWebImage in Frameworks */,
			);
			runOnlyForDeploymentPostprocessing = 0;
		};
		034ABBE828D1E68A007C1C67 /* Frameworks */ = {
			isa = PBXFrameworksBuildPhase;
			buildActionMask = 2147483647;
			files = (
			);
			runOnlyForDeploymentPostprocessing = 0;
		};
		034ABBF228D1E68A007C1C67 /* Frameworks */ = {
			isa = PBXFrameworksBuildPhase;
			buildActionMask = 2147483647;
			files = (
			);
			runOnlyForDeploymentPostprocessing = 0;
		};
/* End PBXFrameworksBuildPhase section */

/* Begin PBXGroup section */
		034A8FB928D2C426009EFDE7 /* Extensions */ = {
			isa = PBXGroup;
			children = (
				034A8FBA28D2C42C009EFDE7 /* UITextField */,
				034A8FFF28D2FF4D009EFDE7 /* URL+Components.swift */,
				034A900128D2FF69009EFDE7 /* UIViewController+Debug.swift */,
				034A900328D2FF80009EFDE7 /* Publisher+Extension.swift */,
				034A900528D2FF9C009EFDE7 /* Publisher+ErrorTracker.swift */,
				034A900728D2FFB1009EFDE7 /* Publisher+ActivityTracker.swift */,
			);
			path = Extensions;
			sourceTree = "<group>";
		};
		034A8FBA28D2C42C009EFDE7 /* UITextField */ = {
			isa = PBXGroup;
			children = (
				034A8FBB28D2C43F009EFDE7 /* UITextField+Publisher.swift */,
			);
			path = UITextField;
			sourceTree = "<group>";
		};
		034A8FC028D2D234009EFDE7 /* Services */ = {
			isa = PBXGroup;
			children = (
				034A900D28D300AD009EFDE7 /* Models */,
				034A8FC128D2D23E009EFDE7 /* API.swift */,
				034A900928D30045009EFDE7 /* APIError.swift */,
				034A900B28D3006C009EFDE7 /* Endpoint.swift */,
			);
			path = Services;
			sourceTree = "<group>";
		};
		034A8FF628D2FEC1009EFDE7 /* Utility */ = {
			isa = PBXGroup;
			children = (
				034A8FF728D2FED8009EFDE7 /* BindableType.swift */,
				034A8FF928D2FEE8009EFDE7 /* ViewModelType.swift */,
				034A8FFB28D2FF00009EFDE7 /* Binder.swift */,
				034A8FFD28D2FF1E009EFDE7 /* Reusable.swift */,
			);
			path = Utility;
			sourceTree = "<group>";
		};
		034A900D28D300AD009EFDE7 /* Models */ = {
			isa = PBXGroup;
			children = (
				034A900E28D300BD009EFDE7 /* NetworkResponse.swift */,
			);
			path = Models;
			sourceTree = "<group>";
		};
		034A901028D30231009EFDE7 /* ReposList */ = {
			isa = PBXGroup;
			children = (
				034A902128D3033B009EFDE7 /* Repository */,
				034A901E28D302C5009EFDE7 /* Model */,
				034A901A28D302A0009EFDE7 /* Router */,
				034A901728D3028F009EFDE7 /* UseCase */,
				034A901428D3027E009EFDE7 /* ViewModel */,
				034A901128D30244009EFDE7 /* View */,
			);
			path = ReposList;
			sourceTree = "<group>";
		};
		034A901128D30244009EFDE7 /* View */ = {
			isa = PBXGroup;
			children = (
				034A901228D30275009EFDE7 /* RepositoriesViewController.swift */,
				037826D328D31E8B00A3BDAE /* Cell */,
			);
			path = View;
			sourceTree = "<group>";
		};
		034A901428D3027E009EFDE7 /* ViewModel */ = {
			isa = PBXGroup;
			children = (
				034A901528D3028B009EFDE7 /* RepositoriesViewModel.swift */,
			);
			path = ViewModel;
			sourceTree = "<group>";
		};
		034A901728D3028F009EFDE7 /* UseCase */ = {
			isa = PBXGroup;
			children = (
				034A901828D3029B009EFDE7 /* RepositoriesUseCase.swift */,
			);
			path = UseCase;
			sourceTree = "<group>";
		};
		034A901A28D302A0009EFDE7 /* Router */ = {
			isa = PBXGroup;
			children = (
				034A901B28D302AF009EFDE7 /* RepositoriesRouter.swift */,
			);
			path = Router;
			sourceTree = "<group>";
		};
		034A901E28D302C5009EFDE7 /* Model */ = {
			isa = PBXGroup;
			children = (
				034A901F28D302D5009EFDE7 /* Repo.swift */,
			);
			path = Model;
			sourceTree = "<group>";
		};
		034A902128D3033B009EFDE7 /* Repository */ = {
			isa = PBXGroup;
			children = (
				034A902228D3034F009EFDE7 /* RepoRepository.swift */,
			);
			path = Repository;
			sourceTree = "<group>";
		};
		034ABBCC28D1E688007C1C67 = {
			isa = PBXGroup;
			children = (
				034ABBD728D1E688007C1C67 /* CombineMVVM */,
				034ABBEE28D1E68A007C1C67 /* CombineMVVMTests */,
				034ABBF828D1E68A007C1C67 /* CombineMVVMUITests */,
				034ABBD628D1E688007C1C67 /* Products */,
			);
			sourceTree = "<group>";
		};
		034ABBD628D1E688007C1C67 /* Products */ = {
			isa = PBXGroup;
			children = (
				034ABBD528D1E688007C1C67 /* CombineMVVM.app */,
				034ABBEB28D1E68A007C1C67 /* CombineMVVMTests.xctest */,
				034ABBF528D1E68A007C1C67 /* CombineMVVMUITests.xctest */,
			);
			name = Products;
			sourceTree = "<group>";
		};
		034ABBD728D1E688007C1C67 /* CombineMVVM */ = {
			isa = PBXGroup;
			children = (
				034ABBD828D1E688007C1C67 /* AppDelegate.swift */,
				034ABBDA28D1E688007C1C67 /* SceneDelegate.swift */,
				034ABBDC28D1E688007C1C67 /* ViewController.swift */,
				034A901028D30231009EFDE7 /* ReposList */,
				034A8FF628D2FEC1009EFDE7 /* Utility */,
				034A8FC028D2D234009EFDE7 /* Services */,
				034A8FB928D2C426009EFDE7 /* Extensions */,
				034A8FB828D2BEE4009EFDE7 /* Combine.playground */,
				034ABBDE28D1E688007C1C67 /* Main.storyboard */,
				034ABBE128D1E68A007C1C67 /* Assets.xcassets */,
				034ABBE328D1E68A007C1C67 /* LaunchScreen.storyboard */,
				034ABBE628D1E68A007C1C67 /* Info.plist */,
			);
			path = CombineMVVM;
			sourceTree = "<group>";
		};
		034ABBEE28D1E68A007C1C67 /* CombineMVVMTests */ = {
			isa = PBXGroup;
			children = (
				034ABBEF28D1E68A007C1C67 /* CombineMVVMTests.swift */,
			);
			path = CombineMVVMTests;
			sourceTree = "<group>";
		};
		034ABBF828D1E68A007C1C67 /* CombineMVVMUITests */ = {
			isa = PBXGroup;
			children = (
				034ABBF928D1E68A007C1C67 /* CombineMVVMUITests.swift */,
				034ABBFB28D1E68A007C1C67 /* CombineMVVMUITestsLaunchTests.swift */,
			);
			path = CombineMVVMUITests;
			sourceTree = "<group>";
		};
		037826D328D31E8B00A3BDAE /* Cell */ = {
			isa = PBXGroup;
			children = (
				037826D628D31EA800A3BDAE /* RepoCell.swift */,
				037826D428D31E9E00A3BDAE /* RepoCell.xib */,
			);
			path = Cell;
			sourceTree = "<group>";
		};
/* End PBXGroup section */

/* Begin PBXNativeTarget section */
		034ABBD428D1E688007C1C67 /* CombineMVVM */ = {
			isa = PBXNativeTarget;
			buildConfigurationList = 034ABBFF28D1E68A007C1C67 /* Build configuration list for PBXNativeTarget "CombineMVVM" */;
			buildPhases = (
				034ABBD128D1E688007C1C67 /* Sources */,
				034ABBD228D1E688007C1C67 /* Frameworks */,
				034ABBD328D1E688007C1C67 /* Resources */,
			);
			buildRules = (
			);
			dependencies = (
			);
			name = CombineMVVM;
			packageProductDependencies = (
				037826DC28D3235600A3BDAE /* SDWebImage */,
			);
			productName = CombineMVVM;
			productReference = 034ABBD528D1E688007C1C67 /* CombineMVVM.app */;
			productType = "com.apple.product-type.application";
		};
		034ABBEA28D1E68A007C1C67 /* CombineMVVMTests */ = {
			isa = PBXNativeTarget;
			buildConfigurationList = 034ABC0228D1E68A007C1C67 /* Build configuration list for PBXNativeTarget "CombineMVVMTests" */;
			buildPhases = (
				034ABBE728D1E68A007C1C67 /* Sources */,
				034ABBE828D1E68A007C1C67 /* Frameworks */,
				034ABBE928D1E68A007C1C67 /* Resources */,
			);
			buildRules = (
			);
			dependencies = (
				034ABBED28D1E68A007C1C67 /* PBXTargetDependency */,
			);
			name = CombineMVVMTests;
			productName = CombineMVVMTests;
			productReference = 034ABBEB28D1E68A007C1C67 /* CombineMVVMTests.xctest */;
			productType = "com.apple.product-type.bundle.unit-test";
		};
		034ABBF428D1E68A007C1C67 /* CombineMVVMUITests */ = {
			isa = PBXNativeTarget;
			buildConfigurationList = 034ABC0528D1E68A007C1C67 /* Build configuration list for PBXNativeTarget "CombineMVVMUITests" */;
			buildPhases = (
				034ABBF128D1E68A007C1C67 /* Sources */,
				034ABBF228D1E68A007C1C67 /* Frameworks */,
				034ABBF328D1E68A007C1C67 /* Resources */,
			);
			buildRules = (
			);
			dependencies = (
				034ABBF728D1E68A007C1C67 /* PBXTargetDependency */,
			);
			name = CombineMVVMUITests;
			productName = CombineMVVMUITests;
			productReference = 034ABBF528D1E68A007C1C67 /* CombineMVVMUITests.xctest */;
			productType = "com.apple.product-type.bundle.ui-testing";
		};
/* End PBXNativeTarget section */

/* Begin PBXProject section */
		034ABBCD28D1E688007C1C67 /* Project object */ = {
			isa = PBXProject;
			attributes = {
				BuildIndependentTargetsInParallel = 1;
				LastSwiftUpdateCheck = 1340;
				LastUpgradeCheck = 1340;
				TargetAttributes = {
					034ABBD428D1E688007C1C67 = {
						CreatedOnToolsVersion = 13.4.1;
					};
					034ABBEA28D1E68A007C1C67 = {
						CreatedOnToolsVersion = 13.4.1;
						TestTargetID = 034ABBD428D1E688007C1C67;
					};
					034ABBF428D1E68A007C1C67 = {
						CreatedOnToolsVersion = 13.4.1;
						TestTargetID = 034ABBD428D1E688007C1C67;
					};
				};
			};
			buildConfigurationList = 034ABBD028D1E688007C1C67 /* Build configuration list for PBXProject "CombineMVVM" */;
			compatibilityVersion = "Xcode 13.0";
			developmentRegion = en;
			hasScannedForEncodings = 0;
			knownRegions = (
				en,
				Base,
			);
			mainGroup = 034ABBCC28D1E688007C1C67;
			packageReferences = (
				037826DB28D3235600A3BDAE /* XCRemoteSwiftPackageReference "SDWebImage" */,
			);
			productRefGroup = 034ABBD628D1E688007C1C67 /* Products */;
			projectDirPath = "";
			projectRoot = "";
			targets = (
				034ABBD428D1E688007C1C67 /* CombineMVVM */,
				034ABBEA28D1E68A007C1C67 /* CombineMVVMTests */,
				034ABBF428D1E68A007C1C67 /* CombineMVVMUITests */,
			);
		};
/* End PBXProject section */

/* Begin PBXResourcesBuildPhase section */
		034ABBD328D1E688007C1C67 /* Resources */ = {
			isa = PBXResourcesBuildPhase;
			buildActionMask = 2147483647;
			files = (
				034ABBE528D1E68A007C1C67 /* LaunchScreen.storyboard in Resources */,
				034ABBE228D1E68A007C1C67 /* Assets.xcassets in Resources */,
				034ABBE028D1E688007C1C67 /* Main.storyboard in Resources */,
				037826D528D31E9E00A3BDAE /* RepoCell.xib in Resources */,
			);
			runOnlyForDeploymentPostprocessing = 0;
		};
		034ABBE928D1E68A007C1C67 /* Resources */ = {
			isa = PBXResourcesBuildPhase;
			buildActionMask = 2147483647;
			files = (
			);
			runOnlyForDeploymentPostprocessing = 0;
		};
		034ABBF328D1E68A007C1C67 /* Resources */ = {
			isa = PBXResourcesBuildPhase;
			buildActionMask = 2147483647;
			files = (
			);
			runOnlyForDeploymentPostprocessing = 0;
		};
/* End PBXResourcesBuildPhase section */

/* Begin PBXSourcesBuildPhase section */
		034ABBD128D1E688007C1C67 /* Sources */ = {
			isa = PBXSourcesBuildPhase;
			buildActionMask = 2147483647;
			files = (
				034A8FBC28D2C43F009EFDE7 /* UITextField+Publisher.swift in Sources */,
				034A902328D3034F009EFDE7 /* RepoRepository.swift in Sources */,
				034ABBDD28D1E688007C1C67 /* ViewController.swift in Sources */,
				034A901C28D302AF009EFDE7 /* RepositoriesRouter.swift in Sources */,
				034ABBD928D1E688007C1C67 /* AppDelegate.swift in Sources */,
				034A8FFE28D2FF1E009EFDE7 /* Reusable.swift in Sources */,
				034A902028D302D5009EFDE7 /* Repo.swift in Sources */,
				034A901328D30275009EFDE7 /* RepositoriesViewController.swift in Sources */,
				034A8FFC28D2FF00009EFDE7 /* Binder.swift in Sources */,
				034A8FC228D2D23E009EFDE7 /* API.swift in Sources */,
				034A8FF828D2FED8009EFDE7 /* BindableType.swift in Sources */,
				034A901628D3028B009EFDE7 /* RepositoriesViewModel.swift in Sources */,
				034A901928D3029B009EFDE7 /* RepositoriesUseCase.swift in Sources */,
				034A900628D2FF9C009EFDE7 /* Publisher+ErrorTracker.swift in Sources */,
				034A900A28D30045009EFDE7 /* APIError.swift in Sources */,
				034A900828D2FFB1009EFDE7 /* Publisher+ActivityTracker.swift in Sources */,
				034A900C28D3006C009EFDE7 /* Endpoint.swift in Sources */,
				034ABBDB28D1E688007C1C67 /* SceneDelegate.swift in Sources */,
				034A900F28D300BD009EFDE7 /* NetworkResponse.swift in Sources */,
				034A8FFA28D2FEE8009EFDE7 /* ViewModelType.swift in Sources */,
				034A900028D2FF4D009EFDE7 /* URL+Components.swift in Sources */,
				034A900428D2FF80009EFDE7 /* Publisher+Extension.swift in Sources */,
				034A900228D2FF69009EFDE7 /* UIViewController+Debug.swift in Sources */,
				037826D728D31EA800A3BDAE /* RepoCell.swift in Sources */,
			);
			runOnlyForDeploymentPostprocessing = 0;
		};
		034ABBE728D1E68A007C1C67 /* Sources */ = {
			isa = PBXSourcesBuildPhase;
			buildActionMask = 2147483647;
			files = (
				034ABBF028D1E68A007C1C67 /* CombineMVVMTests.swift in Sources */,
			);
			runOnlyForDeploymentPostprocessing = 0;
		};
		034ABBF128D1E68A007C1C67 /* Sources */ = {
			isa = PBXSourcesBuildPhase;
			buildActionMask = 2147483647;
			files = (
				034ABBFC28D1E68A007C1C67 /* CombineMVVMUITestsLaunchTests.swift in Sources */,
				034ABBFA28D1E68A007C1C67 /* CombineMVVMUITests.swift in Sources */,
			);
			runOnlyForDeploymentPostprocessing = 0;
		};
/* End PBXSourcesBuildPhase section */

/* Begin PBXTargetDependency section */
		034ABBED28D1E68A007C1C67 /* PBXTargetDependency */ = {
			isa = PBXTargetDependency;
			target = 034ABBD428D1E688007C1C67 /* CombineMVVM */;
			targetProxy = 034ABBEC28D1E68A007C1C67 /* PBXContainerItemProxy */;
		};
		034ABBF728D1E68A007C1C67 /* PBXTargetDependency */ = {
			isa = PBXTargetDependency;
			target = 034ABBD428D1E688007C1C67 /* CombineMVVM */;
			targetProxy = 034ABBF628D1E68A007C1C67 /* PBXContainerItemProxy */;
		};
/* End PBXTargetDependency section */

/* Begin PBXVariantGroup section */
		034ABBDE28D1E688007C1C67 /* Main.storyboard */ = {
			isa = PBXVariantGroup;
			children = (
				034ABBDF28D1E688007C1C67 /* Base */,
			);
			name = Main.storyboard;
			sourceTree = "<group>";
		};
		034ABBE328D1E68A007C1C67 /* LaunchScreen.storyboard */ = {
			isa = PBXVariantGroup;
			children = (
				034ABBE428D1E68A007C1C67 /* Base */,
			);
			name = LaunchScreen.storyboard;
			sourceTree = "<group>";
		};
/* End PBXVariantGroup section */

/* Begin XCBuildConfiguration section */
		034ABBFD28D1E68A007C1C67 /* Debug */ = {
			isa = XCBuildConfiguration;
			buildSettings = {
				ALWAYS_SEARCH_USER_PATHS = NO;
				CLANG_ANALYZER_NONNULL = YES;
				CLANG_ANALYZER_NUMBER_OBJECT_CONVERSION = YES_AGGRESSIVE;
				CLANG_CXX_LANGUAGE_STANDARD = "gnu++17";
				CLANG_ENABLE_MODULES = YES;
				CLANG_ENABLE_OBJC_ARC = YES;
				CLANG_ENABLE_OBJC_WEAK = YES;
				CLANG_WARN_BLOCK_CAPTURE_AUTORELEASING = YES;
				CLANG_WARN_BOOL_CONVERSION = YES;
				CLANG_WARN_COMMA = YES;
				CLANG_WARN_CONSTANT_CONVERSION = YES;
				CLANG_WARN_DEPRECATED_OBJC_IMPLEMENTATIONS = YES;
				CLANG_WARN_DIRECT_OBJC_ISA_USAGE = YES_ERROR;
				CLANG_WARN_DOCUMENTATION_COMMENTS = YES;
				CLANG_WARN_EMPTY_BODY = YES;
				CLANG_WARN_ENUM_CONVERSION = YES;
				CLANG_WARN_INFINITE_RECURSION = YES;
				CLANG_WARN_INT_CONVERSION = YES;
				CLANG_WARN_NON_LITERAL_NULL_CONVERSION = YES;
				CLANG_WARN_OBJC_IMPLICIT_RETAIN_SELF = YES;
				CLANG_WARN_OBJC_LITERAL_CONVERSION = YES;
				CLANG_WARN_OBJC_ROOT_CLASS = YES_ERROR;
				CLANG_WARN_QUOTED_INCLUDE_IN_FRAMEWORK_HEADER = YES;
				CLANG_WARN_RANGE_LOOP_ANALYSIS = YES;
				CLANG_WARN_STRICT_PROTOTYPES = YES;
				CLANG_WARN_SUSPICIOUS_MOVE = YES;
				CLANG_WARN_UNGUARDED_AVAILABILITY = YES_AGGRESSIVE;
				CLANG_WARN_UNREACHABLE_CODE = YES;
				CLANG_WARN__DUPLICATE_METHOD_MATCH = YES;
				COPY_PHASE_STRIP = NO;
				DEBUG_INFORMATION_FORMAT = dwarf;
				ENABLE_STRICT_OBJC_MSGSEND = YES;
				ENABLE_TESTABILITY = YES;
				GCC_C_LANGUAGE_STANDARD = gnu11;
				GCC_DYNAMIC_NO_PIC = NO;
				GCC_NO_COMMON_BLOCKS = YES;
				GCC_OPTIMIZATION_LEVEL = 0;
				GCC_PREPROCESSOR_DEFINITIONS = (
					"DEBUG=1",
					"$(inherited)",
				);
				GCC_WARN_64_TO_32_BIT_CONVERSION = YES;
				GCC_WARN_ABOUT_RETURN_TYPE = YES_ERROR;
				GCC_WARN_UNDECLARED_SELECTOR = YES;
				GCC_WARN_UNINITIALIZED_AUTOS = YES_AGGRESSIVE;
				GCC_WARN_UNUSED_FUNCTION = YES;
				GCC_WARN_UNUSED_VARIABLE = YES;
				IPHONEOS_DEPLOYMENT_TARGET = 13.0;
				MTL_ENABLE_DEBUG_INFO = INCLUDE_SOURCE;
				MTL_FAST_MATH = YES;
				ONLY_ACTIVE_ARCH = YES;
				SDKROOT = iphoneos;
				SWIFT_ACTIVE_COMPILATION_CONDITIONS = DEBUG;
				SWIFT_OPTIMIZATION_LEVEL = "-Onone";
			};
			name = Debug;
		};
		034ABBFE28D1E68A007C1C67 /* Release */ = {
			isa = XCBuildConfiguration;
			buildSettings = {
				ALWAYS_SEARCH_USER_PATHS = NO;
				CLANG_ANALYZER_NONNULL = YES;
				CLANG_ANALYZER_NUMBER_OBJECT_CONVERSION = YES_AGGRESSIVE;
				CLANG_CXX_LANGUAGE_STANDARD = "gnu++17";
				CLANG_ENABLE_MODULES = YES;
				CLANG_ENABLE_OBJC_ARC = YES;
				CLANG_ENABLE_OBJC_WEAK = YES;
				CLANG_WARN_BLOCK_CAPTURE_AUTORELEASING = YES;
				CLANG_WARN_BOOL_CONVERSION = YES;
				CLANG_WARN_COMMA = YES;
				CLANG_WARN_CONSTANT_CONVERSION = YES;
				CLANG_WARN_DEPRECATED_OBJC_IMPLEMENTATIONS = YES;
				CLANG_WARN_DIRECT_OBJC_ISA_USAGE = YES_ERROR;
				CLANG_WARN_DOCUMENTATION_COMMENTS = YES;
				CLANG_WARN_EMPTY_BODY = YES;
				CLANG_WARN_ENUM_CONVERSION = YES;
				CLANG_WARN_INFINITE_RECURSION = YES;
				CLANG_WARN_INT_CONVERSION = YES;
				CLANG_WARN_NON_LITERAL_NULL_CONVERSION = YES;
				CLANG_WARN_OBJC_IMPLICIT_RETAIN_SELF = YES;
				CLANG_WARN_OBJC_LITERAL_CONVERSION = YES;
				CLANG_WARN_OBJC_ROOT_CLASS = YES_ERROR;
				CLANG_WARN_QUOTED_INCLUDE_IN_FRAMEWORK_HEADER = YES;
				CLANG_WARN_RANGE_LOOP_ANALYSIS = YES;
				CLANG_WARN_STRICT_PROTOTYPES = YES;
				CLANG_WARN_SUSPICIOUS_MOVE = YES;
				CLANG_WARN_UNGUARDED_AVAILABILITY = YES_AGGRESSIVE;
				CLANG_WARN_UNREACHABLE_CODE = YES;
				CLANG_WARN__DUPLICATE_METHOD_MATCH = YES;
				COPY_PHASE_STRIP = NO;
				DEBUG_INFORMATION_FORMAT = "dwarf-with-dsym";
				ENABLE_NS_ASSERTIONS = NO;
				ENABLE_STRICT_OBJC_MSGSEND = YES;
				GCC_C_LANGUAGE_STANDARD = gnu11;
				GCC_NO_COMMON_BLOCKS = YES;
				GCC_WARN_64_TO_32_BIT_CONVERSION = YES;
				GCC_WARN_ABOUT_RETURN_TYPE = YES_ERROR;
				GCC_WARN_UNDECLARED_SELECTOR = YES;
				GCC_WARN_UNINITIALIZED_AUTOS = YES_AGGRESSIVE;
				GCC_WARN_UNUSED_FUNCTION = YES;
				GCC_WARN_UNUSED_VARIABLE = YES;
				IPHONEOS_DEPLOYMENT_TARGET = 13.0;
				MTL_ENABLE_DEBUG_INFO = NO;
				MTL_FAST_MATH = YES;
				SDKROOT = iphoneos;
				SWIFT_COMPILATION_MODE = wholemodule;
				SWIFT_OPTIMIZATION_LEVEL = "-O";
				VALIDATE_PRODUCT = YES;
			};
			name = Release;
		};
		034ABC0028D1E68A007C1C67 /* Debug */ = {
			isa = XCBuildConfiguration;
			buildSettings = {
				ASSETCATALOG_COMPILER_APPICON_NAME = AppIcon;
				ASSETCATALOG_COMPILER_GLOBAL_ACCENT_COLOR_NAME = AccentColor;
				CODE_SIGN_STYLE = Automatic;
				CURRENT_PROJECT_VERSION = 1;
				GENERATE_INFOPLIST_FILE = YES;
				INFOPLIST_FILE = CombineMVVM/Info.plist;
				INFOPLIST_KEY_UIApplicationSupportsIndirectInputEvents = YES;
				INFOPLIST_KEY_UILaunchStoryboardName = LaunchScreen;
				INFOPLIST_KEY_UIMainStoryboardFile = Main;
				INFOPLIST_KEY_UISupportedInterfaceOrientations_iPad = "UIInterfaceOrientationPortrait UIInterfaceOrientationPortraitUpsideDown UIInterfaceOrientationLandscapeLeft UIInterfaceOrientationLandscapeRight";
				INFOPLIST_KEY_UISupportedInterfaceOrientations_iPhone = "UIInterfaceOrientationPortrait UIInterfaceOrientationLandscapeLeft UIInterfaceOrientationLandscapeRight";
				LD_RUNPATH_SEARCH_PATHS = (
					"$(inherited)",
					"@executable_path/Frameworks",
				);
				MARKETING_VERSION = 1.0;
				PRODUCT_BUNDLE_IDENTIFIER = com.app.CombineMVVM;
				PRODUCT_NAME = "$(TARGET_NAME)";
				SWIFT_EMIT_LOC_STRINGS = YES;
				SWIFT_VERSION = 5.0;
				TARGETED_DEVICE_FAMILY = "1,2";
			};
			name = Debug;
		};
		034ABC0128D1E68A007C1C67 /* Release */ = {
			isa = XCBuildConfiguration;
			buildSettings = {
				ASSETCATALOG_COMPILER_APPICON_NAME = AppIcon;
				ASSETCATALOG_COMPILER_GLOBAL_ACCENT_COLOR_NAME = AccentColor;
				CODE_SIGN_STYLE = Automatic;
				CURRENT_PROJECT_VERSION = 1;
				GENERATE_INFOPLIST_FILE = YES;
				INFOPLIST_FILE = CombineMVVM/Info.plist;
				INFOPLIST_KEY_UIApplicationSupportsIndirectInputEvents = YES;
				INFOPLIST_KEY_UILaunchStoryboardName = LaunchScreen;
				INFOPLIST_KEY_UIMainStoryboardFile = Main;
				INFOPLIST_KEY_UISupportedInterfaceOrientations_iPad = "UIInterfaceOrientationPortrait UIInterfaceOrientationPortraitUpsideDown UIInterfaceOrientationLandscapeLeft UIInterfaceOrientationLandscapeRight";
				INFOPLIST_KEY_UISupportedInterfaceOrientations_iPhone = "UIInterfaceOrientationPortrait UIInterfaceOrientationLandscapeLeft UIInterfaceOrientationLandscapeRight";
				LD_RUNPATH_SEARCH_PATHS = (
					"$(inherited)",
					"@executable_path/Frameworks",
				);
				MARKETING_VERSION = 1.0;
				PRODUCT_BUNDLE_IDENTIFIER = com.app.CombineMVVM;
				PRODUCT_NAME = "$(TARGET_NAME)";
				SWIFT_EMIT_LOC_STRINGS = YES;
				SWIFT_VERSION = 5.0;
				TARGETED_DEVICE_FAMILY = "1,2";
			};
			name = Release;
		};
		034ABC0328D1E68A007C1C67 /* Debug */ = {
			isa = XCBuildConfiguration;
			buildSettings = {
				ALWAYS_EMBED_SWIFT_STANDARD_LIBRARIES = YES;
				BUNDLE_LOADER = "$(TEST_HOST)";
				CODE_SIGN_STYLE = Automatic;
				CURRENT_PROJECT_VERSION = 1;
				GENERATE_INFOPLIST_FILE = YES;
				IPHONEOS_DEPLOYMENT_TARGET = 15.5;
				MARKETING_VERSION = 1.0;
				PRODUCT_BUNDLE_IDENTIFIER = com.app.CombineMVVMTests;
				PRODUCT_NAME = "$(TARGET_NAME)";
				SWIFT_EMIT_LOC_STRINGS = NO;
				SWIFT_VERSION = 5.0;
				TARGETED_DEVICE_FAMILY = "1,2";
				TEST_HOST = "$(BUILT_PRODUCTS_DIR)/CombineMVVM.app/CombineMVVM";
			};
			name = Debug;
		};
		034ABC0428D1E68A007C1C67 /* Release */ = {
			isa = XCBuildConfiguration;
			buildSettings = {
				ALWAYS_EMBED_SWIFT_STANDARD_LIBRARIES = YES;
				BUNDLE_LOADER = "$(TEST_HOST)";
				CODE_SIGN_STYLE = Automatic;
				CURRENT_PROJECT_VERSION = 1;
				GENERATE_INFOPLIST_FILE = YES;
				IPHONEOS_DEPLOYMENT_TARGET = 15.5;
				MARKETING_VERSION = 1.0;
				PRODUCT_BUNDLE_IDENTIFIER = com.app.CombineMVVMTests;
				PRODUCT_NAME = "$(TARGET_NAME)";
				SWIFT_EMIT_LOC_STRINGS = NO;
				SWIFT_VERSION = 5.0;
				TARGETED_DEVICE_FAMILY = "1,2";
				TEST_HOST = "$(BUILT_PRODUCTS_DIR)/CombineMVVM.app/CombineMVVM";
			};
			name = Release;
		};
		034ABC0628D1E68A007C1C67 /* Debug */ = {
			isa = XCBuildConfiguration;
			buildSettings = {
				ALWAYS_EMBED_SWIFT_STANDARD_LIBRARIES = YES;
				CODE_SIGN_STYLE = Automatic;
				CURRENT_PROJECT_VERSION = 1;
				GENERATE_INFOPLIST_FILE = YES;
				MARKETING_VERSION = 1.0;
				PRODUCT_BUNDLE_IDENTIFIER = com.app.CombineMVVMUITests;
				PRODUCT_NAME = "$(TARGET_NAME)";
				SWIFT_EMIT_LOC_STRINGS = NO;
				SWIFT_VERSION = 5.0;
				TARGETED_DEVICE_FAMILY = "1,2";
				TEST_TARGET_NAME = CombineMVVM;
			};
			name = Debug;
		};
		034ABC0728D1E68A007C1C67 /* Release */ = {
			isa = XCBuildConfiguration;
			buildSettings = {
				ALWAYS_EMBED_SWIFT_STANDARD_LIBRARIES = YES;
				CODE_SIGN_STYLE = Automatic;
				CURRENT_PROJECT_VERSION = 1;
				GENERATE_INFOPLIST_FILE = YES;
				MARKETING_VERSION = 1.0;
				PRODUCT_BUNDLE_IDENTIFIER = com.app.CombineMVVMUITests;
				PRODUCT_NAME = "$(TARGET_NAME)";
				SWIFT_EMIT_LOC_STRINGS = NO;
				SWIFT_VERSION = 5.0;
				TARGETED_DEVICE_FAMILY = "1,2";
				TEST_TARGET_NAME = CombineMVVM;
			};
			name = Release;
		};
/* End XCBuildConfiguration section */

/* Begin XCConfigurationList section */
		034ABBD028D1E688007C1C67 /* Build configuration list for PBXProject "CombineMVVM" */ = {
			isa = XCConfigurationList;
			buildConfigurations = (
				034ABBFD28D1E68A007C1C67 /* Debug */,
				034ABBFE28D1E68A007C1C67 /* Release */,
			);
			defaultConfigurationIsVisible = 0;
			defaultConfigurationName = Release;
		};
		034ABBFF28D1E68A007C1C67 /* Build configuration list for PBXNativeTarget "CombineMVVM" */ = {
			isa = XCConfigurationList;
			buildConfigurations = (
				034ABC0028D1E68A007C1C67 /* Debug */,
				034ABC0128D1E68A007C1C67 /* Release */,
			);
			defaultConfigurationIsVisible = 0;
			defaultConfigurationName = Release;
		};
		034ABC0228D1E68A007C1C67 /* Build configuration list for PBXNativeTarget "CombineMVVMTests" */ = {
			isa = XCConfigurationList;
			buildConfigurations = (
				034ABC0328D1E68A007C1C67 /* Debug */,
				034ABC0428D1E68A007C1C67 /* Release */,
			);
			defaultConfigurationIsVisible = 0;
			defaultConfigurationName = Release;
		};
		034ABC0528D1E68A007C1C67 /* Build configuration list for PBXNativeTarget "CombineMVVMUITests" */ = {
			isa = XCConfigurationList;
			buildConfigurations = (
				034ABC0628D1E68A007C1C67 /* Debug */,
				034ABC0728D1E68A007C1C67 /* Release */,
			);
			defaultConfigurationIsVisible = 0;
			defaultConfigurationName = Release;
		};
/* End XCConfigurationList section */

/* Begin XCRemoteSwiftPackageReference section */
		037826DB28D3235600A3BDAE /* XCRemoteSwiftPackageReference "SDWebImage" */ = {
			isa = XCRemoteSwiftPackageReference;
			repositoryURL = "https://github.com/SDWebImage/SDWebImage.git";
			requirement = {
				kind = exactVersion;
				version = 5.9.5;
			};
		};
/* End XCRemoteSwiftPackageReference section */

/* Begin XCSwiftPackageProductDependency section */
		037826DC28D3235600A3BDAE /* SDWebImage */ = {
			isa = XCSwiftPackageProductDependency;
			package = 037826DB28D3235600A3BDAE /* XCRemoteSwiftPackageReference "SDWebImage" */;
			productName = SDWebImage;
		};
/* End XCSwiftPackageProductDependency section */
	};
	rootObject = 034ABBCD28D1E688007C1C67 /* Project object */;
}
